// !$*UTF8*$!
{
	archiveVersion = 1;
	classes = {
	};
	objectVersion = 50;
	objects = {

/* Begin PBXBuildFile section */
		833E217A23F0195700887A52 /* AppDelegate.swift in Sources */ = {isa = PBXBuildFile; fileRef = 833E217923F0195700887A52 /* AppDelegate.swift */; };
		833E217C23F0195700887A52 /* SceneDelegate.swift in Sources */ = {isa = PBXBuildFile; fileRef = 833E217B23F0195700887A52 /* SceneDelegate.swift */; };
		833E217E23F0195700887A52 /* ViewController.swift in Sources */ = {isa = PBXBuildFile; fileRef = 833E217D23F0195700887A52 /* ViewController.swift */; };
		833E218123F0195700887A52 /* Main.storyboard in Resources */ = {isa = PBXBuildFile; fileRef = 833E217F23F0195700887A52 /* Main.storyboard */; };
		833E218323F0195900887A52 /* Assets.xcassets in Resources */ = {isa = PBXBuildFile; fileRef = 833E218223F0195900887A52 /* Assets.xcassets */; };
		833E218623F0195900887A52 /* LaunchScreen.storyboard in Resources */ = {isa = PBXBuildFile; fileRef = 833E218423F0195900887A52 /* LaunchScreen.storyboard */; };
		833E218E23F01E0800887A52 /* Resnet50.mlmodel in Sources */ = {isa = PBXBuildFile; fileRef = 833E218D23F01E0800887A52 /* Resnet50.mlmodel */; };
/* End PBXBuildFile section */

/* Begin PBXFileReference section */
		833E217623F0195700887A52 /* ObjectDetectionWithCoreML.app */ = {isa = PBXFileReference; explicitFileType = wrapper.application; includeInIndex = 0; path = ObjectDetectionWithCoreML.app; sourceTree = BUILT_PRODUCTS_DIR; };
		833E217923F0195700887A52 /* AppDelegate.swift */ = {isa = PBXFileReference; lastKnownFileType = sourcecode.swift; path = AppDelegate.swift; sourceTree = "<group>"; };
		833E217B23F0195700887A52 /* SceneDelegate.swift */ = {isa = PBXFileReference; lastKnownFileType = sourcecode.swift; path = SceneDelegate.swift; sourceTree = "<group>"; };
		833E217D23F0195700887A52 /* ViewController.swift */ = {isa = PBXFileReference; lastKnownFileType = sourcecode.swift; path = ViewController.swift; sourceTree = "<group>"; };
		833E218023F0195700887A52 /* Base */ = {isa = PBXFileReference; lastKnownFileType = file.storyboard; name = Base; path = Base.lproj/Main.storyboard; sourceTree = "<group>"; };
		833E218223F0195900887A52 /* Assets.xcassets */ = {isa = PBXFileReference; lastKnownFileType = folder.assetcatalog; path = Assets.xcassets; sourceTree = "<group>"; };
		833E218523F0195900887A52 /* Base */ = {isa = PBXFileReference; lastKnownFileType = file.storyboard; name = Base; path = Base.lproj/LaunchScreen.storyboard; sourceTree = "<group>"; };
		833E218723F0195900887A52 /* Info.plist */ = {isa = PBXFileReference; lastKnownFileType = text.plist.xml; path = Info.plist; sourceTree = "<group>"; };
		833E218D23F01E0800887A52 /* Resnet50.mlmodel */ = {isa = PBXFileReference; lastKnownFileType = file.mlmodel; path = Resnet50.mlmodel; sourceTree = "<group>"; };
/* End PBXFileReference section */

/* Begin PBXFrameworksBuildPhase section */
		833E217323F0195700887A52 /* Frameworks */ = {
			isa = PBXFrameworksBuildPhase;
			buildActionMask = 2147483647;
			files = (
			);
			runOnlyForDeploymentPostprocessing = 0;
		};
/* End PBXFrameworksBuildPhase section */

/* Begin PBXGroup section */
		833E216D23F0195700887A52 = {
			isa = PBXGroup;
			children = (
				833E217823F0195700887A52 /* ObjectDetectionWithCoreML */,
				833E217723F0195700887A52 /* Products */,
			);
			sourceTree = "<group>";
		};
		833E217723F0195700887A52 /* Products */ = {
			isa = PBXGroup;
			children = (
				833E217623F0195700887A52 /* ObjectDetectionWithCoreML.app */,
			);
			name = Products;
			sourceTree = "<group>";
		};
		833E217823F0195700887A52 /* ObjectDetectionWithCoreML */ = {
			isa = PBXGroup;
			children = (
				833E218F23F01E0F00887A52 /* CoreMLModel */,
				833E217923F0195700887A52 /* AppDelegate.swift */,
				833E217B23F0195700887A52 /* SceneDelegate.swift */,
				833E217D23F0195700887A52 /* ViewController.swift */,
				833E217F23F0195700887A52 /* Main.storyboard */,
				833E218223F0195900887A52 /* Assets.xcassets */,
				833E218423F0195900887A52 /* LaunchScreen.storyboard */,
				833E218723F0195900887A52 /* Info.plist */,
			);
			path = ObjectDetectionWithCoreML;
			sourceTree = "<group>";
		};
		833E218F23F01E0F00887A52 /* CoreMLModel */ = {
			isa = PBXGroup;
			children = (
				833E218D23F01E0800887A52 /* Resnet50.mlmodel */,
			);
			path = CoreMLModel;
			sourceTree = "<group>";
		};
/* End PBXGroup section */

/* Begin PBXNativeTarget section */
		833E217523F0195700887A52 /* ObjectDetectionWithCoreML */ = {
			isa = PBXNativeTarget;
			buildConfigurationList = 833E218A23F0195900887A52 /* Build configuration list for PBXNativeTarget "ObjectDetectionWithCoreML" */;
			buildPhases = (
				833E217223F0195700887A52 /* Sources */,
				833E217323F0195700887A52 /* Frameworks */,
				833E217423F0195700887A52 /* Resources */,
			);
			buildRules = (
			);
			dependencies = (
			);
			name = ObjectDetectionWithCoreML;
			productName = ObjectDetectionWithCoreML;
			productReference = 833E217623F0195700887A52 /* ObjectDetectionWithCoreML.app */;
			productType = "com.apple.product-type.application";
		};
/* End PBXNativeTarget section */

/* Begin PBXProject section */
		833E216E23F0195700887A52 /* Project object */ = {
			isa = PBXProject;
			attributes = {
				LastSwiftUpdateCheck = 1110;
				LastUpgradeCheck = 1110;
				ORGANIZATIONNAME = "Tolga İskender";
				TargetAttributes = {
					833E217523F0195700887A52 = {
						CreatedOnToolsVersion = 11.1;
					};
				};
			};
			buildConfigurationList = 833E217123F0195700887A52 /* Build configuration list for PBXProject "ObjectDetectionWithCoreML" */;
			compatibilityVersion = "Xcode 9.3";
			developmentRegion = en;
			hasScannedForEncodings = 0;
			knownRegions = (
				en,
				Base,
			);
			mainGroup = 833E216D23F0195700887A52;
			productRefGroup = 833E217723F0195700887A52 /* Products */;
			projectDirPath = "";
			projectRoot = "";
			targets = (
				833E217523F0195700887A52 /* ObjectDetectionWithCoreML */,
			);
		};
/* End PBXProject section */

/* Begin PBXResourcesBuildPhase section */
		833E217423F0195700887A52 /* Resources */ = {
			isa = PBXResourcesBuildPhase;
			buildActionMask = 2147483647;
			files = (
				833E218623F0195900887A52 /* LaunchScreen.storyboard in Resources */,
				833E218323F0195900887A52 /* Assets.xcassets in Resources */,
				833E218123F0195700887A52 /* Main.storyboard in Resources */,
			);
			runOnlyForDeploymentPostprocessing = 0;
		};
/* End PBXResourcesBuildPhase section */

/* Begin PBXSourcesBuildPhase section */
		833E217223F0195700887A52 /* Sources */ = {
			isa = PBXSourcesBuildPhase;
			buildActionMask = 2147483647;
			files = (
				833E217E23F0195700887A52 /* ViewController.swift in Sources */,
				833E217A23F0195700887A52 /* AppDelegate.swift in Sources */,
				833E218E23F01E0800887A52 /* Resnet50.mlmodel in Sources */,
				833E217C23F0195700887A52 /* SceneDelegate.swift in Sources */,
			);
			runOnlyForDeploymentPostprocessing = 0;
		};
/* End PBXSourcesBuildPhase section */

/* Begin PBXVariantGroup section */
		833E217F23F0195700887A52 /* Main.storyboard */ = {
			isa = PBXVariantGroup;
			children = (
				833E218023F0195700887A52 /* Base */,
			);
			name = Main.storyboard;
			sourceTree = "<group>";
		};
		833E218423F0195900887A52 /* LaunchScreen.storyboard */ = {
			isa = PBXVariantGroup;
			children = (
				833E218523F0195900887A52 /* Base */,
			);
			name = LaunchScreen.storyboard;
			sourceTree = "<group>";
		};
/* End PBXVariantGroup section */

/* Begin XCBuildConfiguration section */
		833E218823F0195900887A52 /* Debug */ = {
			isa = XCBuildConfiguration;
			buildSettings = {
				ALWAYS_SEARCH_USER_PATHS = NO;
				CLANG_ANALYZER_NONNULL = YES;
				CLANG_ANALYZER_NUMBER_OBJECT_CONVERSION = YES_AGGRESSIVE;
				CLANG_CXX_LANGUAGE_STANDARD = "gnu++14";
				CLANG_CXX_LIBRARY = "libc++";
				CLANG_ENABLE_MODULES = YES;
				CLANG_ENABLE_OBJC_ARC = YES;
				CLANG_ENABLE_OBJC_WEAK = YES;
				CLANG_WARN_BLOCK_CAPTURE_AUTORELEASING = YES;
				CLANG_WARN_BOOL_CONVERSION = YES;
				CLANG_WARN_COMMA = YES;
				CLANG_WARN_CONSTANT_CONVERSION = YES;
				CLANG_WARN_DEPRECATED_OBJC_IMPLEMENTATIONS = YES;
				CLANG_WARN_DIRECT_OBJC_ISA_USAGE = YES_ERROR;
				CLANG_WARN_DOCUMENTATION_COMMENTS = YES;
				CLANG_WARN_EMPTY_BODY = YES;
				CLANG_WARN_ENUM_CONVERSION = YES;
				CLANG_WARN_INFINITE_RECURSION = YES;
				CLANG_WARN_INT_CONVERSION = YES;
				CLANG_WARN_NON_LITERAL_NULL_CONVERSION = YES;
				CLANG_WARN_OBJC_IMPLICIT_RETAIN_SELF = YES;
				CLANG_WARN_OBJC_LITERAL_CONVERSION = YES;
				CLANG_WARN_OBJC_ROOT_CLASS = YES_ERROR;
				CLANG_WARN_RANGE_LOOP_ANALYSIS = YES;
				CLANG_WARN_STRICT_PROTOTYPES = YES;
				CLANG_WARN_SUSPICIOUS_MOVE = YES;
				CLANG_WARN_UNGUARDED_AVAILABILITY = YES_AGGRESSIVE;
				CLANG_WARN_UNREACHABLE_CODE = YES;
				CLANG_WARN__DUPLICATE_METHOD_MATCH = YES;
				COPY_PHASE_STRIP = NO;
				DEBUG_INFORMATION_FORMAT = dwarf;
				ENABLE_STRICT_OBJC_MSGSEND = YES;
				ENABLE_TESTABILITY = YES;
				GCC_C_LANGUAGE_STANDARD = gnu11;
				GCC_DYNAMIC_NO_PIC = NO;
				GCC_NO_COMMON_BLOCKS = YES;
				GCC_OPTIMIZATION_LEVEL = 0;
				GCC_PREPROCESSOR_DEFINITIONS = (
					"DEBUG=1",
					"$(inherited)",
				);
				GCC_WARN_64_TO_32_BIT_CONVERSION = YES;
				GCC_WARN_ABOUT_RETURN_TYPE = YES_ERROR;
				GCC_WARN_UNDECLARED_SELECTOR = YES;
				GCC_WARN_UNINITIALIZED_AUTOS = YES_AGGRESSIVE;
				GCC_WARN_UNUSED_FUNCTION = YES;
				GCC_WARN_UNUSED_VARIABLE = YES;
				IPHONEOS_DEPLOYMENT_TARGET = 13.1;
				MTL_ENABLE_DEBUG_INFO = INCLUDE_SOURCE;
				MTL_FAST_MATH = YES;
				ONLY_ACTIVE_ARCH = YES;
				SDKROOT = iphoneos;
				SWIFT_ACTIVE_COMPILATION_CONDITIONS = DEBUG;
				SWIFT_OPTIMIZATION_LEVEL = "-Onone";
			};
			name = Debug;
		};
		833E218923F0195900887A52 /* Release */ = {
			isa = XCBuildConfiguration;
			buildSettings = {
				ALWAYS_SEARCH_USER_PATHS = NO;
				CLANG_ANALYZER_NONNULL = YES;
				CLANG_ANALYZER_NUMBER_OBJECT_CONVERSION = YES_AGGRESSIVE;
				CLANG_CXX_LANGUAGE_STANDARD = "gnu++14";
				CLANG_CXX_LIBRARY = "libc++";
				CLANG_ENABLE_MODULES = YES;
				CLANG_ENABLE_OBJC_ARC = YES;
				CLANG_ENABLE_OBJC_WEAK = YES;
				CLANG_WARN_BLOCK_CAPTURE_AUTORELEASING = YES;
				CLANG_WARN_BOOL_CONVERSION = YES;
				CLANG_WARN_COMMA = YES;
				CLANG_WARN_CONSTANT_CONVERSION = YES;
				CLANG_WARN_DEPRECATED_OBJC_IMPLEMENTATIONS = YES;
				CLANG_WARN_DIRECT_OBJC_ISA_USAGE = YES_ERROR;
				CLANG_WARN_DOCUMENTATION_COMMENTS = YES;
				CLANG_WARN_EMPTY_BODY = YES;
				CLANG_WARN_ENUM_CONVERSION = YES;
				CLANG_WARN_INFINITE_RECURSION = YES;
				CLANG_WARN_INT_CONVERSION = YES;
				CLANG_WARN_NON_LITERAL_NULL_CONVERSION = YES;
				CLANG_WARN_OBJC_IMPLICIT_RETAIN_SELF = YES;
				CLANG_WARN_OBJC_LITERAL_CONVERSION = YES;
				CLANG_WARN_OBJC_ROOT_CLASS = YES_ERROR;
				CLANG_WARN_RANGE_LOOP_ANALYSIS = YES;
				CLANG_WARN_STRICT_PROTOTYPES = YES;
				CLANG_WARN_SUSPICIOUS_MOVE = YES;
				CLANG_WARN_UNGUARDED_AVAILABILITY = YES_AGGRESSIVE;
				CLANG_WARN_UNREACHABLE_CODE = YES;
				CLANG_WARN__DUPLICATE_METHOD_MATCH = YES;
				COPY_PHASE_STRIP = NO;
				DEBUG_INFORMATION_FORMAT = "dwarf-with-dsym";
				ENABLE_NS_ASSERTIONS = NO;
				ENABLE_STRICT_OBJC_MSGSEND = YES;
				GCC_C_LANGUAGE_STANDARD = gnu11;
				GCC_NO_COMMON_BLOCKS = YES;
				GCC_WARN_64_TO_32_BIT_CONVERSION = YES;
				GCC_WARN_ABOUT_RETURN_TYPE = YES_ERROR;
				GCC_WARN_UNDECLARED_SELECTOR = YES;
				GCC_WARN_UNINITIALIZED_AUTOS = YES_AGGRESSIVE;
				GCC_WARN_UNUSED_FUNCTION = YES;
				GCC_WARN_UNUSED_VARIABLE = YES;
				IPHONEOS_DEPLOYMENT_TARGET = 13.1;
				MTL_ENABLE_DEBUG_INFO = NO;
				MTL_FAST_MATH = YES;
				SDKROOT = iphoneos;
				SWIFT_COMPILATION_MODE = wholemodule;
				SWIFT_OPTIMIZATION_LEVEL = "-O";
				VALIDATE_PRODUCT = YES;
			};
			name = Release;
		};
		833E218B23F0195900887A52 /* Debug */ = {
			isa = XCBuildConfiguration;
			buildSettings = {
				ASSETCATALOG_COMPILER_APPICON_NAME = AppIcon;
				CODE_SIGN_STYLE = Automatic;
				DEVELOPMENT_TEAM = Q4E69GH98L;
				INFOPLIST_FILE = ObjectDetectionWithCoreML/Info.plist;
				LD_RUNPATH_SEARCH_PATHS = (
					"$(inherited)",
					"@executable_path/Frameworks",
				);
				PRODUCT_BUNDLE_IDENTIFIER = tolga.ObjectDetectionWithCoreML;
				PRODUCT_NAME = "$(TARGET_NAME)";
				SWIFT_VERSION = 5.0;
				TARGETED_DEVICE_FAMILY = "1,2";
			};
			name = Debug;
		};
		833E218C23F0195900887A52 /* Release */ = {
			isa = XCBuildConfiguration;
			buildSettings = {
				ASSETCATALOG_COMPILER_APPICON_NAME = AppIcon;
				CODE_SIGN_STYLE = Automatic;
				DEVELOPMENT_TEAM = Q4E69GH98L;
				INFOPLIST_FILE = ObjectDetectionWithCoreML/Info.plist;
				LD_RUNPATH_SEARCH_PATHS = (
					"$(inherited)",
					"@executable_path/Frameworks",
				);
				PRODUCT_BUNDLE_IDENTIFIER = tolga.ObjectDetectionWithCoreML;
				PRODUCT_NAME = "$(TARGET_NAME)";
				SWIFT_VERSION = 5.0;
				TARGETED_DEVICE_FAMILY = "1,2";
			};
			name = Release;
		};
/* End XCBuildConfiguration section */

/* Begin XCConfigurationList section */
		833E217123F0195700887A52 /* Build configuration list for PBXProject "ObjectDetectionWithCoreML" */ = {
			isa = XCConfigurationList;
			buildConfigurations = (
				833E218823F0195900887A52 /* Debug */,
				833E218923F0195900887A52 /* Release */,
			);
			defaultConfigurationIsVisible = 0;
			defaultConfigurationName = Release;
		};
		833E218A23F0195900887A52 /* Build configuration list for PBXNativeTarget "ObjectDetectionWithCoreML" */ = {
			isa = XCConfigurationList;
			buildConfigurations = (
				833E218B23F0195900887A52 /* Debug */,
				833E218C23F0195900887A52 /* Release */,
			);
			defaultConfigurationIsVisible = 0;
			defaultConfigurationName = Release;
		};
/* End XCConfigurationList section */
	};
	rootObject = 833E216E23F0195700887A52 /* Project object */;
}
